
Microsoft Visual Studio Solution File, Format Version 12.00
# Visual Studio Version 16
VisualStudioVersion = 16.0.29123.88
MinimumVisualStudioVersion = 10.0.40219.1
Project("{FAE04EC0-301F-11D3-BF4B-00C04F79EFBC}") = "ListMaker", "ListMaker\ListMaker.csproj", "{AC54659C-9603-4346-B7E3-B43629F7FB13}"
EndProject
Global
	GlobalSection(SolutionConfigurationPlatforms) = preSolution
		Debug|Any CPU = Debug|Any CPU
		Release|Any CPU = Release|Any CPU
	EndGlobalSection
	GlobalSection(ProjectConfigurationPlatforms) = postSolution
		{AC54659C-9603-4346-B7E3-B43629F7FB13}.Debug|Any CPU.ActiveCfg = Debug|Any CPU
		{AC54659C-9603-4346-B7E3-B43629F7FB13}.Debug|Any CPU.Build.0 = Debug|Any CPU
		{AC54659C-9603-4346-B7E3-B43629F7FB13}.Release|Any CPU.ActiveCfg = Release|Any CPU
		{AC54659C-9603-4346-B7E3-B43629F7FB13}.Release|Any CPU.Build.0 = Release|Any CPU
	EndGlobalSection
	GlobalSection(SolutionProperties) = preSolution
		HideSolutionNode = FALSE
	EndGlobalSection
	GlobalSection(ExtensibilityGlobals) = postSolution
		SolutionGuid = {225D7BD1-A0DE-4A26-B422-440CB7624B6B}
	EndGlobalSection
EndGlobal
